
Microsoft Visual Studio Solution File, Format Version 12.00
# Visual Studio Version 17
VisualStudioVersion = 17.9.34714.143
MinimumVisualStudioVersion = 10.0.40219.1
Project("{FAE04EC0-301F-11D3-BF4B-00C04F79EFBC}") = "TEMP_database_redactor", "TEMP_database_redactor\TEMP_database_redactor.csproj", "{A91446E0-4A41-428B-B411-8103A3EA5F6D}"
EndProject
Global
	GlobalSection(SolutionConfigurationPlatforms) = preSolution
		Debug|Any CPU = Debug|Any CPU
		Release|Any CPU = Release|Any CPU
	EndGlobalSection
	GlobalSection(ProjectConfigurationPlatforms) = postSolution
		{A91446E0-4A41-428B-B411-8103A3EA5F6D}.Debug|Any CPU.ActiveCfg = Debug|Any CPU
		{A91446E0-4A41-428B-B411-8103A3EA5F6D}.Debug|Any CPU.Build.0 = Debug|Any CPU
		{A91446E0-4A41-428B-B411-8103A3EA5F6D}.Release|Any CPU.ActiveCfg = Release|Any CPU
		{A91446E0-4A41-428B-B411-8103A3EA5F6D}.Release|Any CPU.Build.0 = Release|Any CPU
	EndGlobalSection
	GlobalSection(SolutionProperties) = preSolution
		HideSolutionNode = FALSE
	EndGlobalSection
	GlobalSection(ExtensibilityGlobals) = postSolution
		SolutionGuid = {270D2387-F3B2-48A8-820B-87DCF38019F3}
	EndGlobalSection
EndGlobal
